{
  "name": "notion-sync-to-search",
  "version": "0.1.0",
  "lockfileVersion": 3,
  "requires": true,
  "packages": {
    "": {
      "name": "notion-sync-to-search",
      "version": "0.1.0",
      "license": "MIT-0",
      "bin": {
        "notion-mirror-config": "scripts/mirror-config.js",
        "notion-mirror-page": "scripts/mirror-page.js"
      },
      "engines": {
        "node": ">=18"
      }
    }
  }
}
