{
  "name": "notion-sync-to-search",
  "version": "0.3.0",
  "lockfileVersion": 3,
  "requires": true,
  "packages": {
    "": {
      "name": "notion-sync-to-search",
      "version": "0.3.0",
      "license": "MIT-0",
      "bin": {
        "notion-install-fastembed": "scripts/install-fastembed.js",
        "notion-install-openclaw-memory": "scripts/install-openclaw-memory.js",
        "notion-install-scheduler": "scripts/install-scheduler.js",
        "notion-install-shared-index": "scripts/install-shared-index.js",
        "notion-live": "scripts/notion-live.js",
        "notion-mirror-config": "scripts/mirror-config.js",
        "notion-mirror-page": "scripts/mirror-page.js",
        "notion-privacy-lint": "scripts/privacy-lint.js",
        "notion-provenance": "scripts/provenance.js",
        "notion-search-shared-index": "scripts/search-shared-index.js",
        "notion-sync-shared-index": "scripts/sync-shared-index.js",
        "notion-sync-smoke": "scripts/sync-smoke.js"
      },
      "engines": {
        "node": ">=18"
      }
    }
  }
}
